// !$*UTF8*$!
{
	archiveVersion = 1;
	classes = {
	};
	objectVersion = 56;
	objects = {

/* Begin PBXBuildFile section */
		86876F2D2A730449006A4D0A /* AppDelegate.swift in Sources */ = {isa = PBXBuildFile; fileRef = 86876F2C2A730449006A4D0A /* AppDelegate.swift */; };
		86876F2F2A730449006A4D0A /* SceneDelegate.swift in Sources */ = {isa = PBXBuildFile; fileRef = 86876F2E2A730449006A4D0A /* SceneDelegate.swift */; };
		86876F312A730449006A4D0A /* ViewController.swift in Sources */ = {isa = PBXBuildFile; fileRef = 86876F302A730449006A4D0A /* ViewController.swift */; };
		86876F342A730449006A4D0A /* Main.storyboard in Resources */ = {isa = PBXBuildFile; fileRef = 86876F322A730449006A4D0A /* Main.storyboard */; };
		86876F362A73044B006A4D0A /* Assets.xcassets in Resources */ = {isa = PBXBuildFile; fileRef = 86876F352A73044B006A4D0A /* Assets.xcassets */; };
		86876F392A73044B006A4D0A /* LaunchScreen.storyboard in Resources */ = {isa = PBXBuildFile; fileRef = 86876F372A73044B006A4D0A /* LaunchScreen.storyboard */; };
		86876F442A73044B006A4D0A /* leantapTests.swift in Sources */ = {isa = PBXBuildFile; fileRef = 86876F432A73044B006A4D0A /* leantapTests.swift */; };
		86876F4E2A73044B006A4D0A /* leantapUITests.swift in Sources */ = {isa = PBXBuildFile; fileRef = 86876F4D2A73044B006A4D0A /* leantapUITests.swift */; };
		86876F502A73044B006A4D0A /* leantapUITestsLaunchTests.swift in Sources */ = {isa = PBXBuildFile; fileRef = 86876F4F2A73044B006A4D0A /* leantapUITestsLaunchTests.swift */; };
/* End PBXBuildFile section */

/* Begin PBXContainerItemProxy section */
		86876F402A73044B006A4D0A /* PBXContainerItemProxy */ = {
			isa = PBXContainerItemProxy;
			containerPortal = 86876F212A730449006A4D0A /* Project object */;
			proxyType = 1;
			remoteGlobalIDString = 86876F282A730449006A4D0A;
			remoteInfo = leantap;
		};
		86876F4A2A73044B006A4D0A /* PBXContainerItemProxy */ = {
			isa = PBXContainerItemProxy;
			containerPortal = 86876F212A730449006A4D0A /* Project object */;
			proxyType = 1;
			remoteGlobalIDString = 86876F282A730449006A4D0A;
			remoteInfo = leantap;
		};
/* End PBXContainerItemProxy section */

/* Begin PBXFileReference section */
		86876F292A730449006A4D0A /* leantap.app */ = {isa = PBXFileReference; explicitFileType = wrapper.application; includeInIndex = 0; path = leantap.app; sourceTree = BUILT_PRODUCTS_DIR; };
		86876F2C2A730449006A4D0A /* AppDelegate.swift */ = {isa = PBXFileReference; lastKnownFileType = sourcecode.swift; path = AppDelegate.swift; sourceTree = "<group>"; };
		86876F2E2A730449006A4D0A /* SceneDelegate.swift */ = {isa = PBXFileReference; lastKnownFileType = sourcecode.swift; path = SceneDelegate.swift; sourceTree = "<group>"; };
		86876F302A730449006A4D0A /* ViewController.swift */ = {isa = PBXFileReference; lastKnownFileType = sourcecode.swift; path = ViewController.swift; sourceTree = "<group>"; };
		86876F332A730449006A4D0A /* Base */ = {isa = PBXFileReference; lastKnownFileType = file.storyboard; name = Base; path = Base.lproj/Main.storyboard; sourceTree = "<group>"; };
		86876F352A73044B006A4D0A /* Assets.xcassets */ = {isa = PBXFileReference; lastKnownFileType = folder.assetcatalog; path = Assets.xcassets; sourceTree = "<group>"; };
		86876F382A73044B006A4D0A /* Base */ = {isa = PBXFileReference; lastKnownFileType = file.storyboard; name = Base; path = Base.lproj/LaunchScreen.storyboard; sourceTree = "<group>"; };
		86876F3A2A73044B006A4D0A /* Info.plist */ = {isa = PBXFileReference; lastKnownFileType = text.plist.xml; path = Info.plist; sourceTree = "<group>"; };
		86876F3F2A73044B006A4D0A /* leantapTests.xctest */ = {isa = PBXFileReference; explicitFileType = wrapper.cfbundle; includeInIndex = 0; path = leantapTests.xctest; sourceTree = BUILT_PRODUCTS_DIR; };
		86876F432A73044B006A4D0A /* leantapTests.swift */ = {isa = PBXFileReference; lastKnownFileType = sourcecode.swift; path = leantapTests.swift; sourceTree = "<group>"; };
		86876F492A73044B006A4D0A /* leantapUITests.xctest */ = {isa = PBXFileReference; explicitFileType = wrapper.cfbundle; includeInIndex = 0; path = leantapUITests.xctest; sourceTree = BUILT_PRODUCTS_DIR; };
		86876F4D2A73044B006A4D0A /* leantapUITests.swift */ = {isa = PBXFileReference; lastKnownFileType = sourcecode.swift; path = leantapUITests.swift; sourceTree = "<group>"; };
		86876F4F2A73044B006A4D0A /* leantapUITestsLaunchTests.swift */ = {isa = PBXFileReference; lastKnownFileType = sourcecode.swift; path = leantapUITestsLaunchTests.swift; sourceTree = "<group>"; };
/* End PBXFileReference section */

/* Begin PBXFrameworksBuildPhase section */
		86876F262A730449006A4D0A /* Frameworks */ = {
			isa = PBXFrameworksBuildPhase;
			buildActionMask = 2147483647;
			files = (
			);
			runOnlyForDeploymentPostprocessing = 0;
		};
		86876F3C2A73044B006A4D0A /* Frameworks */ = {
			isa = PBXFrameworksBuildPhase;
			buildActionMask = 2147483647;
			files = (
			);
			runOnlyForDeploymentPostprocessing = 0;
		};
		86876F462A73044B006A4D0A /* Frameworks */ = {
			isa = PBXFrameworksBuildPhase;
			buildActionMask = 2147483647;
			files = (
			);
			runOnlyForDeploymentPostprocessing = 0;
		};
/* End PBXFrameworksBuildPhase section */

/* Begin PBXGroup section */
		86876F202A730449006A4D0A = {
			isa = PBXGroup;
			children = (
				86876F2B2A730449006A4D0A /* leantap */,
				86876F422A73044B006A4D0A /* leantapTests */,
				86876F4C2A73044B006A4D0A /* leantapUITests */,
				86876F2A2A730449006A4D0A /* Products */,
			);
			sourceTree = "<group>";
		};
		86876F2A2A730449006A4D0A /* Products */ = {
			isa = PBXGroup;
			children = (
				86876F292A730449006A4D0A /* leantap.app */,
				86876F3F2A73044B006A4D0A /* leantapTests.xctest */,
				86876F492A73044B006A4D0A /* leantapUITests.xctest */,
			);
			name = Products;
			sourceTree = "<group>";
		};
		86876F2B2A730449006A4D0A /* leantap */ = {
			isa = PBXGroup;
			children = (
				86876F2C2A730449006A4D0A /* AppDelegate.swift */,
				86876F2E2A730449006A4D0A /* SceneDelegate.swift */,
				86876F302A730449006A4D0A /* ViewController.swift */,
				86876F322A730449006A4D0A /* Main.storyboard */,
				86876F352A73044B006A4D0A /* Assets.xcassets */,
				86876F372A73044B006A4D0A /* LaunchScreen.storyboard */,
				86876F3A2A73044B006A4D0A /* Info.plist */,
			);
			path = leantap;
			sourceTree = "<group>";
		};
		86876F422A73044B006A4D0A /* leantapTests */ = {
			isa = PBXGroup;
			children = (
				86876F432A73044B006A4D0A /* leantapTests.swift */,
			);
			path = leantapTests;
			sourceTree = "<group>";
		};
		86876F4C2A73044B006A4D0A /* leantapUITests */ = {
			isa = PBXGroup;
			children = (
				86876F4D2A73044B006A4D0A /* leantapUITests.swift */,
				86876F4F2A73044B006A4D0A /* leantapUITestsLaunchTests.swift */,
			);
			path = leantapUITests;
			sourceTree = "<group>";
		};
/* End PBXGroup section */

/* Begin PBXNativeTarget section */
		86876F282A730449006A4D0A /* leantap */ = {
			isa = PBXNativeTarget;
			buildConfigurationList = 86876F532A73044B006A4D0A /* Build configuration list for PBXNativeTarget "leantap" */;
			buildPhases = (
				86876F252A730449006A4D0A /* Sources */,
				86876F262A730449006A4D0A /* Frameworks */,
				86876F272A730449006A4D0A /* Resources */,
			);
			buildRules = (
			);
			dependencies = (
			);
			name = leantap;
			productName = leantap;
			productReference = 86876F292A730449006A4D0A /* leantap.app */;
			productType = "com.apple.product-type.application";
		};
		86876F3E2A73044B006A4D0A /* leantapTests */ = {
			isa = PBXNativeTarget;
			buildConfigurationList = 86876F562A73044B006A4D0A /* Build configuration list for PBXNativeTarget "leantapTests" */;
			buildPhases = (
				86876F3B2A73044B006A4D0A /* Sources */,
				86876F3C2A73044B006A4D0A /* Frameworks */,
				86876F3D2A73044B006A4D0A /* Resources */,
			);
			buildRules = (
			);
			dependencies = (
				86876F412A73044B006A4D0A /* PBXTargetDependency */,
			);
			name = leantapTests;
			productName = leantapTests;
			productReference = 86876F3F2A73044B006A4D0A /* leantapTests.xctest */;
			productType = "com.apple.product-type.bundle.unit-test";
		};
		86876F482A73044B006A4D0A /* leantapUITests */ = {
			isa = PBXNativeTarget;
			buildConfigurationList = 86876F592A73044B006A4D0A /* Build configuration list for PBXNativeTarget "leantapUITests" */;
			buildPhases = (
				86876F452A73044B006A4D0A /* Sources */,
				86876F462A73044B006A4D0A /* Frameworks */,
				86876F472A73044B006A4D0A /* Resources */,
			);
			buildRules = (
			);
			dependencies = (
				86876F4B2A73044B006A4D0A /* PBXTargetDependency */,
			);
			name = leantapUITests;
			productName = leantapUITests;
			productReference = 86876F492A73044B006A4D0A /* leantapUITests.xctest */;
			productType = "com.apple.product-type.bundle.ui-testing";
		};
/* End PBXNativeTarget section */

/* Begin PBXProject section */
		86876F212A730449006A4D0A /* Project object */ = {
			isa = PBXProject;
			attributes = {
				BuildIndependentTargetsInParallel = 1;
				LastSwiftUpdateCheck = 1430;
				LastUpgradeCheck = 1430;
				TargetAttributes = {
					86876F282A730449006A4D0A = {
						CreatedOnToolsVersion = 14.3.1;
					};
					86876F3E2A73044B006A4D0A = {
						CreatedOnToolsVersion = 14.3.1;
						TestTargetID = 86876F282A730449006A4D0A;
					};
					86876F482A73044B006A4D0A = {
						CreatedOnToolsVersion = 14.3.1;
						TestTargetID = 86876F282A730449006A4D0A;
					};
				};
			};
			buildConfigurationList = 86876F242A730449006A4D0A /* Build configuration list for PBXProject "leantap" */;
			compatibilityVersion = "Xcode 14.0";
			developmentRegion = en;
			hasScannedForEncodings = 0;
			knownRegions = (
				en,
				Base,
			);
			mainGroup = 86876F202A730449006A4D0A;
			productRefGroup = 86876F2A2A730449006A4D0A /* Products */;
			projectDirPath = "";
			projectRoot = "";
			targets = (
				86876F282A730449006A4D0A /* leantap */,
				86876F3E2A73044B006A4D0A /* leantapTests */,
				86876F482A73044B006A4D0A /* leantapUITests */,
			);
		};
/* End PBXProject section */

/* Begin PBXResourcesBuildPhase section */
		86876F272A730449006A4D0A /* Resources */ = {
			isa = PBXResourcesBuildPhase;
			buildActionMask = 2147483647;
			files = (
				86876F392A73044B006A4D0A /* LaunchScreen.storyboard in Resources */,
				86876F362A73044B006A4D0A /* Assets.xcassets in Resources */,
				86876F342A730449006A4D0A /* Main.storyboard in Resources */,
			);
			runOnlyForDeploymentPostprocessing = 0;
		};
		86876F3D2A73044B006A4D0A /* Resources */ = {
			isa = PBXResourcesBuildPhase;
			buildActionMask = 2147483647;
			files = (
			);
			runOnlyForDeploymentPostprocessing = 0;
		};
		86876F472A73044B006A4D0A /* Resources */ = {
			isa = PBXResourcesBuildPhase;
			buildActionMask = 2147483647;
			files = (
			);
			runOnlyForDeploymentPostprocessing = 0;
		};
/* End PBXResourcesBuildPhase section */

/* Begin PBXSourcesBuildPhase section */
		86876F252A730449006A4D0A /* Sources */ = {
			isa = PBXSourcesBuildPhase;
			buildActionMask = 2147483647;
			files = (
				86876F312A730449006A4D0A /* ViewController.swift in Sources */,
				86876F2D2A730449006A4D0A /* AppDelegate.swift in Sources */,
				86876F2F2A730449006A4D0A /* SceneDelegate.swift in Sources */,
			);
			runOnlyForDeploymentPostprocessing = 0;
		};
		86876F3B2A73044B006A4D0A /* Sources */ = {
			isa = PBXSourcesBuildPhase;
			buildActionMask = 2147483647;
			files = (
				86876F442A73044B006A4D0A /* leantapTests.swift in Sources */,
			);
			runOnlyForDeploymentPostprocessing = 0;
		};
		86876F452A73044B006A4D0A /* Sources */ = {
			isa = PBXSourcesBuildPhase;
			buildActionMask = 2147483647;
			files = (
				86876F502A73044B006A4D0A /* leantapUITestsLaunchTests.swift in Sources */,
				86876F4E2A73044B006A4D0A /* leantapUITests.swift in Sources */,
			);
			runOnlyForDeploymentPostprocessing = 0;
		};
/* End PBXSourcesBuildPhase section */

/* Begin PBXTargetDependency section */
		86876F412A73044B006A4D0A /* PBXTargetDependency */ = {
			isa = PBXTargetDependency;
			target = 86876F282A730449006A4D0A /* leantap */;
			targetProxy = 86876F402A73044B006A4D0A /* PBXContainerItemProxy */;
		};
		86876F4B2A73044B006A4D0A /* PBXTargetDependency */ = {
			isa = PBXTargetDependency;
			target = 86876F282A730449006A4D0A /* leantap */;
			targetProxy = 86876F4A2A73044B006A4D0A /* PBXContainerItemProxy */;
		};
/* End PBXTargetDependency section */

/* Begin PBXVariantGroup section */
		86876F322A730449006A4D0A /* Main.storyboard */ = {
			isa = PBXVariantGroup;
			children = (
				86876F332A730449006A4D0A /* Base */,
			);
			name = Main.storyboard;
			sourceTree = "<group>";
		};
		86876F372A73044B006A4D0A /* LaunchScreen.storyboard */ = {
			isa = PBXVariantGroup;
			children = (
				86876F382A73044B006A4D0A /* Base */,
			);
			name = LaunchScreen.storyboard;
			sourceTree = "<group>";
		};
/* End PBXVariantGroup section */

/* Begin XCBuildConfiguration section */
		86876F512A73044B006A4D0A /* Debug */ = {
			isa = XCBuildConfiguration;
			buildSettings = {
				ALWAYS_SEARCH_USER_PATHS = NO;
				CLANG_ANALYZER_NONNULL = YES;
				CLANG_ANALYZER_NUMBER_OBJECT_CONVERSION = YES_AGGRESSIVE;
				CLANG_CXX_LANGUAGE_STANDARD = "gnu++20";
				CLANG_ENABLE_MODULES = YES;
				CLANG_ENABLE_OBJC_ARC = YES;
				CLANG_ENABLE_OBJC_WEAK = YES;
				CLANG_WARN_BLOCK_CAPTURE_AUTORELEASING = YES;
				CLANG_WARN_BOOL_CONVERSION = YES;
				CLANG_WARN_COMMA = YES;
				CLANG_WARN_CONSTANT_CONVERSION = YES;
				CLANG_WARN_DEPRECATED_OBJC_IMPLEMENTATIONS = YES;
				CLANG_WARN_DIRECT_OBJC_ISA_USAGE = YES_ERROR;
				CLANG_WARN_DOCUMENTATION_COMMENTS = YES;
				CLANG_WARN_EMPTY_BODY = YES;
				CLANG_WARN_ENUM_CONVERSION = YES;
				CLANG_WARN_INFINITE_RECURSION = YES;
				CLANG_WARN_INT_CONVERSION = YES;
				CLANG_WARN_NON_LITERAL_NULL_CONVERSION = YES;
				CLANG_WARN_OBJC_IMPLICIT_RETAIN_SELF = YES;
				CLANG_WARN_OBJC_LITERAL_CONVERSION = YES;
				CLANG_WARN_OBJC_ROOT_CLASS = YES_ERROR;
				CLANG_WARN_QUOTED_INCLUDE_IN_FRAMEWORK_HEADER = YES;
				CLANG_WARN_RANGE_LOOP_ANALYSIS = YES;
				CLANG_WARN_STRICT_PROTOTYPES = YES;
				CLANG_WARN_SUSPICIOUS_MOVE = YES;
				CLANG_WARN_UNGUARDED_AVAILABILITY = YES_AGGRESSIVE;
				CLANG_WARN_UNREACHABLE_CODE = YES;
				CLANG_WARN__DUPLICATE_METHOD_MATCH = YES;
				COPY_PHASE_STRIP = NO;
				DEBUG_INFORMATION_FORMAT = dwarf;
				ENABLE_STRICT_OBJC_MSGSEND = YES;
				ENABLE_TESTABILITY = YES;
				GCC_C_LANGUAGE_STANDARD = gnu11;
				GCC_DYNAMIC_NO_PIC = NO;
				GCC_NO_COMMON_BLOCKS = YES;
				GCC_OPTIMIZATION_LEVEL = 0;
				GCC_PREPROCESSOR_DEFINITIONS = (
					"DEBUG=1",
					"$(inherited)",
				);
				GCC_WARN_64_TO_32_BIT_CONVERSION = YES;
				GCC_WARN_ABOUT_RETURN_TYPE = YES_ERROR;
				GCC_WARN_UNDECLARED_SELECTOR = YES;
				GCC_WARN_UNINITIALIZED_AUTOS = YES_AGGRESSIVE;
				GCC_WARN_UNUSED_FUNCTION = YES;
				GCC_WARN_UNUSED_VARIABLE = YES;
				IPHONEOS_DEPLOYMENT_TARGET = 16.4;
				MTL_ENABLE_DEBUG_INFO = INCLUDE_SOURCE;
				MTL_FAST_MATH = YES;
				ONLY_ACTIVE_ARCH = YES;
				SDKROOT = iphoneos;
				SWIFT_ACTIVE_COMPILATION_CONDITIONS = DEBUG;
				SWIFT_OPTIMIZATION_LEVEL = "-Onone";
			};
			name = Debug;
		};
		86876F522A73044B006A4D0A /* Release */ = {
			isa = XCBuildConfiguration;
			buildSettings = {
				ALWAYS_SEARCH_USER_PATHS = NO;
				CLANG_ANALYZER_NONNULL = YES;
				CLANG_ANALYZER_NUMBER_OBJECT_CONVERSION = YES_AGGRESSIVE;
				CLANG_CXX_LANGUAGE_STANDARD = "gnu++20";
				CLANG_ENABLE_MODULES = YES;
				CLANG_ENABLE_OBJC_ARC = YES;
				CLANG_ENABLE_OBJC_WEAK = YES;
				CLANG_WARN_BLOCK_CAPTURE_AUTORELEASING = YES;
				CLANG_WARN_BOOL_CONVERSION = YES;
				CLANG_WARN_COMMA = YES;
				CLANG_WARN_CONSTANT_CONVERSION = YES;
				CLANG_WARN_DEPRECATED_OBJC_IMPLEMENTATIONS = YES;
				CLANG_WARN_DIRECT_OBJC_ISA_USAGE = YES_ERROR;
				CLANG_WARN_DOCUMENTATION_COMMENTS = YES;
				CLANG_WARN_EMPTY_BODY = YES;
				CLANG_WARN_ENUM_CONVERSION = YES;
				CLANG_WARN_INFINITE_RECURSION = YES;
				CLANG_WARN_INT_CONVERSION = YES;
				CLANG_WARN_NON_LITERAL_NULL_CONVERSION = YES;
				CLANG_WARN_OBJC_IMPLICIT_RETAIN_SELF = YES;
				CLANG_WARN_OBJC_LITERAL_CONVERSION = YES;
				CLANG_WARN_OBJC_ROOT_CLASS = YES_ERROR;
				CLANG_WARN_QUOTED_INCLUDE_IN_FRAMEWORK_HEADER = YES;
				CLANG_WARN_RANGE_LOOP_ANALYSIS = YES;
				CLANG_WARN_STRICT_PROTOTYPES = YES;
				CLANG_WARN_SUSPICIOUS_MOVE = YES;
				CLANG_WARN_UNGUARDED_AVAILABILITY = YES_AGGRESSIVE;
				CLANG_WARN_UNREACHABLE_CODE = YES;
				CLANG_WARN__DUPLICATE_METHOD_MATCH = YES;
				COPY_PHASE_STRIP = NO;
				DEBUG_INFORMATION_FORMAT = "dwarf-with-dsym";
				ENABLE_NS_ASSERTIONS = NO;
				ENABLE_STRICT_OBJC_MSGSEND = YES;
				GCC_C_LANGUAGE_STANDARD = gnu11;
				GCC_NO_COMMON_BLOCKS = YES;
				GCC_WARN_64_TO_32_BIT_CONVERSION = YES;
				GCC_WARN_ABOUT_RETURN_TYPE = YES_ERROR;
				GCC_WARN_UNDECLARED_SELECTOR = YES;
				GCC_WARN_UNINITIALIZED_AUTOS = YES_AGGRESSIVE;
				GCC_WARN_UNUSED_FUNCTION = YES;
				GCC_WARN_UNUSED_VARIABLE = YES;
				IPHONEOS_DEPLOYMENT_TARGET = 16.4;
				MTL_ENABLE_DEBUG_INFO = NO;
				MTL_FAST_MATH = YES;
				SDKROOT = iphoneos;
				SWIFT_COMPILATION_MODE = wholemodule;
				SWIFT_OPTIMIZATION_LEVEL = "-O";
				VALIDATE_PRODUCT = YES;
			};
			name = Release;
		};
		86876F542A73044B006A4D0A /* Debug */ = {
			isa = XCBuildConfiguration;
			buildSettings = {
				ASSETCATALOG_COMPILER_APPICON_NAME = AppIcon;
				ASSETCATALOG_COMPILER_GLOBAL_ACCENT_COLOR_NAME = AccentColor;
				CODE_SIGN_STYLE = Automatic;
				CURRENT_PROJECT_VERSION = 1;
				GENERATE_INFOPLIST_FILE = YES;
				INFOPLIST_FILE = leantap/Info.plist;
				INFOPLIST_KEY_UIApplicationSupportsIndirectInputEvents = YES;
				INFOPLIST_KEY_UILaunchStoryboardName = LaunchScreen;
				INFOPLIST_KEY_UIMainStoryboardFile = Main;
				INFOPLIST_KEY_UISupportedInterfaceOrientations_iPad = "UIInterfaceOrientationPortrait UIInterfaceOrientationPortraitUpsideDown UIInterfaceOrientationLandscapeLeft UIInterfaceOrientationLandscapeRight";
				INFOPLIST_KEY_UISupportedInterfaceOrientations_iPhone = "UIInterfaceOrientationPortrait UIInterfaceOrientationLandscapeLeft UIInterfaceOrientationLandscapeRight";
				LD_RUNPATH_SEARCH_PATHS = (
					"$(inherited)",
					"@executable_path/Frameworks",
				);
				MARKETING_VERSION = 1.0;
				PRODUCT_BUNDLE_IDENTIFIER = "test-shu.leantap";
				PRODUCT_NAME = "$(TARGET_NAME)";
				SWIFT_EMIT_LOC_STRINGS = YES;
				SWIFT_VERSION = 5.0;
				TARGETED_DEVICE_FAMILY = "1,2";
			};
			name = Debug;
		};
		86876F552A73044B006A4D0A /* Release */ = {
			isa = XCBuildConfiguration;
			buildSettings = {
				ASSETCATALOG_COMPILER_APPICON_NAME = AppIcon;
				ASSETCATALOG_COMPILER_GLOBAL_ACCENT_COLOR_NAME = AccentColor;
				CODE_SIGN_STYLE = Automatic;
				CURRENT_PROJECT_VERSION = 1;
				GENERATE_INFOPLIST_FILE = YES;
				INFOPLIST_FILE = leantap/Info.plist;
				INFOPLIST_KEY_UIApplicationSupportsIndirectInputEvents = YES;
				INFOPLIST_KEY_UILaunchStoryboardName = LaunchScreen;
				INFOPLIST_KEY_UIMainStoryboardFile = Main;
				INFOPLIST_KEY_UISupportedInterfaceOrientations_iPad = "UIInterfaceOrientationPortrait UIInterfaceOrientationPortraitUpsideDown UIInterfaceOrientationLandscapeLeft UIInterfaceOrientationLandscapeRight";
				INFOPLIST_KEY_UISupportedInterfaceOrientations_iPhone = "UIInterfaceOrientationPortrait UIInterfaceOrientationLandscapeLeft UIInterfaceOrientationLandscapeRight";
				LD_RUNPATH_SEARCH_PATHS = (
					"$(inherited)",
					"@executable_path/Frameworks",
				);
				MARKETING_VERSION = 1.0;
				PRODUCT_BUNDLE_IDENTIFIER = "test-shu.leantap";
				PRODUCT_NAME = "$(TARGET_NAME)";
				SWIFT_EMIT_LOC_STRINGS = YES;
				SWIFT_VERSION = 5.0;
				TARGETED_DEVICE_FAMILY = "1,2";
			};
			name = Release;
		};
		86876F572A73044B006A4D0A /* Debug */ = {
			isa = XCBuildConfiguration;
			buildSettings = {
				ALWAYS_EMBED_SWIFT_STANDARD_LIBRARIES = YES;
				BUNDLE_LOADER = "$(TEST_HOST)";
				CODE_SIGN_STYLE = Automatic;
				CURRENT_PROJECT_VERSION = 1;
				GENERATE_INFOPLIST_FILE = YES;
				IPHONEOS_DEPLOYMENT_TARGET = 16.4;
				MARKETING_VERSION = 1.0;
				PRODUCT_BUNDLE_IDENTIFIER = "test-shu.leantapTests";
				PRODUCT_NAME = "$(TARGET_NAME)";
				SWIFT_EMIT_LOC_STRINGS = NO;
				SWIFT_VERSION = 5.0;
				TARGETED_DEVICE_FAMILY = "1,2";
				TEST_HOST = "$(BUILT_PRODUCTS_DIR)/leantap.app/$(BUNDLE_EXECUTABLE_FOLDER_PATH)/leantap";
			};
			name = Debug;
		};
		86876F582A73044B006A4D0A /* Release */ = {
			isa = XCBuildConfiguration;
			buildSettings = {
				ALWAYS_EMBED_SWIFT_STANDARD_LIBRARIES = YES;
				BUNDLE_LOADER = "$(TEST_HOST)";
				CODE_SIGN_STYLE = Automatic;
				CURRENT_PROJECT_VERSION = 1;
				GENERATE_INFOPLIST_FILE = YES;
				IPHONEOS_DEPLOYMENT_TARGET = 16.4;
				MARKETING_VERSION = 1.0;
				PRODUCT_BUNDLE_IDENTIFIER = "test-shu.leantapTests";
				PRODUCT_NAME = "$(TARGET_NAME)";
				SWIFT_EMIT_LOC_STRINGS = NO;
				SWIFT_VERSION = 5.0;
				TARGETED_DEVICE_FAMILY = "1,2";
				TEST_HOST = "$(BUILT_PRODUCTS_DIR)/leantap.app/$(BUNDLE_EXECUTABLE_FOLDER_PATH)/leantap";
			};
			name = Release;
		};
		86876F5A2A73044B006A4D0A /* Debug */ = {
			isa = XCBuildConfiguration;
			buildSettings = {
				ALWAYS_EMBED_SWIFT_STANDARD_LIBRARIES = YES;
				CODE_SIGN_STYLE = Automatic;
				CURRENT_PROJECT_VERSION = 1;
				GENERATE_INFOPLIST_FILE = YES;
				MARKETING_VERSION = 1.0;
				PRODUCT_BUNDLE_IDENTIFIER = "test-shu.leantapUITests";
				PRODUCT_NAME = "$(TARGET_NAME)";
				SWIFT_EMIT_LOC_STRINGS = NO;
				SWIFT_VERSION = 5.0;
				TARGETED_DEVICE_FAMILY = "1,2";
				TEST_TARGET_NAME = leantap;
			};
			name = Debug;
		};
		86876F5B2A73044B006A4D0A /* Release */ = {
			isa = XCBuildConfiguration;
			buildSettings = {
				ALWAYS_EMBED_SWIFT_STANDARD_LIBRARIES = YES;
				CODE_SIGN_STYLE = Automatic;
				CURRENT_PROJECT_VERSION = 1;
				GENERATE_INFOPLIST_FILE = YES;
				MARKETING_VERSION = 1.0;
				PRODUCT_BUNDLE_IDENTIFIER = "test-shu.leantapUITests";
				PRODUCT_NAME = "$(TARGET_NAME)";
				SWIFT_EMIT_LOC_STRINGS = NO;
				SWIFT_VERSION = 5.0;
				TARGETED_DEVICE_FAMILY = "1,2";
				TEST_TARGET_NAME = leantap;
			};
			name = Release;
		};
/* End XCBuildConfiguration section */

/* Begin XCConfigurationList section */
		86876F242A730449006A4D0A /* Build configuration list for PBXProject "leantap" */ = {
			isa = XCConfigurationList;
			buildConfigurations = (
				86876F512A73044B006A4D0A /* Debug */,
				86876F522A73044B006A4D0A /* Release */,
			);
			defaultConfigurationIsVisible = 0;
			defaultConfigurationName = Release;
		};
		86876F532A73044B006A4D0A /* Build configuration list for PBXNativeTarget "leantap" */ = {
			isa = XCConfigurationList;
			buildConfigurations = (
				86876F542A73044B006A4D0A /* Debug */,
				86876F552A73044B006A4D0A /* Release */,
			);
			defaultConfigurationIsVisible = 0;
			defaultConfigurationName = Release;
		};
		86876F562A73044B006A4D0A /* Build configuration list for PBXNativeTarget "leantapTests" */ = {
			isa = XCConfigurationList;
			buildConfigurations = (
				86876F572A73044B006A4D0A /* Debug */,
				86876F582A73044B006A4D0A /* Release */,
			);
			defaultConfigurationIsVisible = 0;
			defaultConfigurationName = Release;
		};
		86876F592A73044B006A4D0A /* Build configuration list for PBXNativeTarget "leantapUITests" */ = {
			isa = XCConfigurationList;
			buildConfigurations = (
				86876F5A2A73044B006A4D0A /* Debug */,
				86876F5B2A73044B006A4D0A /* Release */,
			);
			defaultConfigurationIsVisible = 0;
			defaultConfigurationName = Release;
		};
/* End XCConfigurationList section */
	};
	rootObject = 86876F212A730449006A4D0A /* Project object */;
}
